lockfileVersion: '9.0'

settings:
  autoInstallPeers: true
  excludeLinksFromLockfile: false

importers:

  .:
    dependencies:
      jose:
        specifier: ^6.1.0
        version: 6.2.12
      openid-client:
        specifier: ^6.8.0
        version: 6.8.8

packages:

  jose@6.2.12:
    resolution: {integrity: sha512-9NiFmJEex0sy2Dk58j2UGBSHgUs2ypF9eZSu4L6vjOX3Dp96Sw1F3uL+H+D1sx02jZZdzUT0HgvCy59CuvXcWw==}

  oauth4webapi@3.8.8:
    resolution: {integrity: sha512-8N28E+a/oxfXWBgOMt+ZP/JUf/XR+IFbvkAEPP3gznXOMv9BpAAwiIj0TFNz3tGTPc0ZQ8zmWBNgN1nAys0gng==}

  openid-client@6.8.8:
    resolution: {integrity: sha512-ZsucJA5Ad04Uv7YN4ql+s4GXNmb9uAYQwyJTsJx7CH/MX3JZioLE2pVKi1SC+YrbSLA4Px3Gi30dMjgOZtb6pA==}

snapshots:

  jose@6.2.12: {}

  oauth4webapi@3.8.8: {}

  openid-client@6.8.8:
    dependencies:
      jose: 6.2.12
      oauth4webapi: 3.8.8
