lockfileVersion: '9.0'

settings:
  autoInstallPeers: true
  excludeLinksFromLockfile: false

importers:

  .:
    dependencies:
      '@cloudflare/sandbox':
        specifier: 0.12.10
        version: 0.12.10

packages:

  '@cloudflare/containers@0.3.7':
    resolution: {integrity: sha512-DM9dm3FnIBSyiSJ1FLavKwl/lk3oAmTaynCzZQ9pZR0ncRPquSxkxd8Nu2MFILxmDDsPkxKsSNEh9mHHMty4Fw==}

  '@cloudflare/sandbox@0.12.10':
    resolution: {integrity: sha512-245s6xEdR1v0Jti0YYd8ORWcTG/f/ksjJfpubvnbky0KxFC/ZDOpbpNKdtyiRBYZqmJGtEncYW7Cwge47tDrpg==}
    peerDependencies:
      '@openai/agents': ^0.3.3
      '@opencode-ai/sdk': ^1.1.40
      '@xterm/xterm': '>=5.0.0'
    peerDependenciesMeta:
      '@openai/agents':
        optional: true
      '@opencode-ai/sdk':
        optional: true
      '@xterm/xterm':
        optional: true

  aws4fetch@1.0.20:
    resolution: {integrity: sha512-/djoAN709iY65ETD6LKCtyyEI04XIBP5xVvfmNxsEP0uJB5tyaGBztSryRr4HqMStr9R06PisQE7m9zDTXKu6g==}

  capnweb@0.8.0:
    resolution: {integrity: sha512-BK/TuXUiyfLSKsmjojn70yN7oYG/JJzoURZ3tckjg5Zj2KcygPm0A5jyOlswK7SYB4f0Gh9tt+RZ132b80iLfA==}

  hono@4.13.9:
    resolution: {integrity: sha512-7dMkQmZoC4E6F7AtaQSPhlWAdnBti+j7rreMZl8QB4jFiEhP9TWbGWUMi8WYzBCgmgulxuvLQupKqo+Co6Omyg==}
    engines: {node: '>=16.9.0'}

snapshots:

  '@cloudflare/containers@0.3.7': {}

  '@cloudflare/sandbox@0.12.10':
    dependencies:
      '@cloudflare/containers': 0.3.7
      aws4fetch: 1.0.20
      capnweb: 0.8.0
      hono: 4.13.9

  aws4fetch@1.0.20: {}

  capnweb@0.8.0: {}

  hono@4.13.9: {}
